
Microsoft Visual Studio Solution File, Format Version 12.00
# Visual Studio 2017
Project("{FAE04EC0-301F-11D3-BF4B-00C04F79EFBC}") = "Bownty Hunter", "Bownty Hunter.csproj", "{4F5BD0E9-DB54-F189-A54D-35F83D316361}"
EndProject
Project("{FAE04EC0-301F-11D3-BF4B-00C04F79EFBC}") = "Bownty Hunter.Editor", "Bownty Hunter.Editor.csproj", "{76EE97F3-EC99-A857-862E-15328EC2208A}"
EndProject
Global
	GlobalSection(SolutionConfigurationPlatforms) = preSolution
		Debug|Any CPU = Debug|Any CPU
		Release|Any CPU = Release|Any CPU
	EndGlobalSection
	GlobalSection(ProjectConfigurationPlatforms) = postSolution
		{4F5BD0E9-DB54-F189-A54D-35F83D316361}.Debug|Any CPU.ActiveCfg = Debug|Any CPU
		{4F5BD0E9-DB54-F189-A54D-35F83D316361}.Debug|Any CPU.Build.0 = Debug|Any CPU
		{4F5BD0E9-DB54-F189-A54D-35F83D316361}.Release|Any CPU.ActiveCfg = Release|Any CPU
		{4F5BD0E9-DB54-F189-A54D-35F83D316361}.Release|Any CPU.Build.0 = Release|Any CPU
		{76EE97F3-EC99-A857-862E-15328EC2208A}.Debug|Any CPU.ActiveCfg = Debug|Any CPU
		{76EE97F3-EC99-A857-862E-15328EC2208A}.Debug|Any CPU.Build.0 = Debug|Any CPU
		{76EE97F3-EC99-A857-862E-15328EC2208A}.Release|Any CPU.ActiveCfg = Release|Any CPU
		{76EE97F3-EC99-A857-862E-15328EC2208A}.Release|Any CPU.Build.0 = Release|Any CPU
	EndGlobalSection
	GlobalSection(SolutionProperties) = preSolution
		HideSolutionNode = FALSE
	EndGlobalSection
EndGlobal
